// !$*UTF8*$!
{
	archiveVersion = 1;
	classes = {
	};
	objectVersion = 46;
	objects = {

/* Begin PBXBuildFile section */
		A67707831C79139B00A11A02 /* Memory.cpp in Sources */ = {isa = PBXBuildFile; fileRef = A67707821C79139B00A11A02 /* Memory.cpp */; };
		A68E4AAC1C6016BB00473627 /* main.cpp in Sources */ = {isa = PBXBuildFile; fileRef = A68E4AAB1C6016BB00473627 /* main.cpp */; };
		A68E4AB41C602AFB00473627 /* OS-Project01.cpp in Sources */ = {isa = PBXBuildFile; fileRef = A68E4AB21C602AFB00473627 /* OS-Project01.cpp */; };
		A68E4AB61C602E9E00473627 /* CPU.cpp in Sources */ = {isa = PBXBuildFile; fileRef = A68E4AB51C602E9E00473627 /* CPU.cpp */; };
/* End PBXBuildFile section */

/* Begin PBXCopyFilesBuildPhase section */
		A68E4AA61C6016BB00473627 /* CopyFiles */ = {
			isa = PBXCopyFilesBuildPhase;
			buildActionMask = 2147483647;
			dstPath = /usr/share/man/man1/;
			dstSubfolderSpec = 0;
			files = (
			);
			runOnlyForDeploymentPostprocessing = 1;
		};
/* End PBXCopyFilesBuildPhase section */

/* Begin PBXFileReference section */
		A67707821C79139B00A11A02 /* Memory.cpp */ = {isa = PBXFileReference; fileEncoding = 4; lastKnownFileType = sourcecode.cpp.cpp; path = Memory.cpp; sourceTree = "<group>"; };
		A68E4AA81C6016BB00473627 /* OSlab */ = {isa = PBXFileReference; explicitFileType = "compiled.mach-o.executable"; includeInIndex = 0; path = OSlab; sourceTree = BUILT_PRODUCTS_DIR; };
		A68E4AAB1C6016BB00473627 /* main.cpp */ = {isa = PBXFileReference; lastKnownFileType = sourcecode.cpp.cpp; path = main.cpp; sourceTree = "<group>"; };
		A68E4AB21C602AFB00473627 /* OS-Project01.cpp */ = {isa = PBXFileReference; fileEncoding = 4; lastKnownFileType = sourcecode.cpp.cpp; path = "OS-Project01.cpp"; sourceTree = "<group>"; };
		A68E4AB31C602AFB00473627 /* OS-Project01.hpp */ = {isa = PBXFileReference; fileEncoding = 4; lastKnownFileType = sourcecode.cpp.h; path = "OS-Project01.hpp"; sourceTree = "<group>"; };
		A68E4AB51C602E9E00473627 /* CPU.cpp */ = {isa = PBXFileReference; fileEncoding = 4; lastKnownFileType = sourcecode.cpp.cpp; path = CPU.cpp; sourceTree = "<group>"; };
/* End PBXFileReference section */

/* Begin PBXFrameworksBuildPhase section */
		A68E4AA51C6016BB00473627 /* Frameworks */ = {
			isa = PBXFrameworksBuildPhase;
			buildActionMask = 2147483647;
			files = (
			);
			runOnlyForDeploymentPostprocessing = 0;
		};
/* End PBXFrameworksBuildPhase section */

/* Begin PBXGroup section */
		A68E4A9F1C6016BB00473627 = {
			isa = PBXGroup;
			children = (
				A68E4AAA1C6016BB00473627 /* OSlab */,
				A68E4AA91C6016BB00473627 /* Products */,
			);
			sourceTree = "<group>";
		};
		A68E4AA91C6016BB00473627 /* Products */ = {
			isa = PBXGroup;
			children = (
				A68E4AA81C6016BB00473627 /* OSlab */,
			);
			name = Products;
			sourceTree = "<group>";
		};
		A68E4AAA1C6016BB00473627 /* OSlab */ = {
			isa = PBXGroup;
			children = (
				A68E4AAB1C6016BB00473627 /* main.cpp */,
				A68E4AB21C602AFB00473627 /* OS-Project01.cpp */,
				A68E4AB51C602E9E00473627 /* CPU.cpp */,
				A67707821C79139B00A11A02 /* Memory.cpp */,
				A68E4AB31C602AFB00473627 /* OS-Project01.hpp */,
			);
			path = OSlab;
			sourceTree = "<group>";
		};
/* End PBXGroup section */

/* Begin PBXNativeTarget section */
		A68E4AA71C6016BB00473627 /* OSlab */ = {
			isa = PBXNativeTarget;
			buildConfigurationList = A68E4AAF1C6016BB00473627 /* Build configuration list for PBXNativeTarget "OSlab" */;
			buildPhases = (
				A68E4AA41C6016BB00473627 /* Sources */,
				A68E4AA51C6016BB00473627 /* Frameworks */,
				A68E4AA61C6016BB00473627 /* CopyFiles */,
			);
			buildRules = (
			);
			dependencies = (
			);
			name = OSlab;
			productName = OSlab;
			productReference = A68E4AA81C6016BB00473627 /* OSlab */;
			productType = "com.apple.product-type.tool";
		};
/* End PBXNativeTarget section */

/* Begin PBXProject section */
		A68E4AA01C6016BB00473627 /* Project object */ = {
			isa = PBXProject;
			attributes = {
				LastUpgradeCheck = 0720;
				ORGANIZATIONNAME = Mantrapps;
				TargetAttributes = {
					A68E4AA71C6016BB00473627 = {
						CreatedOnToolsVersion = 7.2;
					};
				};
			};
			buildConfigurationList = A68E4AA31C6016BB00473627 /* Build configuration list for PBXProject "OSlab" */;
			compatibilityVersion = "Xcode 3.2";
			developmentRegion = English;
			hasScannedForEncodings = 0;
			knownRegions = (
				en,
			);
			mainGroup = A68E4A9F1C6016BB00473627;
			productRefGroup = A68E4AA91C6016BB00473627 /* Products */;
			projectDirPath = "";
			projectRoot = "";
			targets = (
				A68E4AA71C6016BB00473627 /* OSlab */,
			);
		};
/* End PBXProject section */

/* Begin PBXSourcesBuildPhase section */
		A68E4AA41C6016BB00473627 /* Sources */ = {
			isa = PBXSourcesBuildPhase;
			buildActionMask = 2147483647;
			files = (
				A67707831C79139B00A11A02 /* Memory.cpp in Sources */,
				A68E4AB41C602AFB00473627 /* OS-Project01.cpp in Sources */,
				A68E4AAC1C6016BB00473627 /* main.cpp in Sources */,
				A68E4AB61C602E9E00473627 /* CPU.cpp in Sources */,
			);
			runOnlyForDeploymentPostprocessing = 0;
		};
/* End PBXSourcesBuildPhase section */

/* Begin XCBuildConfiguration section */
		A68E4AAD1C6016BB00473627 /* Debug */ = {
			isa = XCBuildConfiguration;
			buildSettings = {
				ALWAYS_SEARCH_USER_PATHS = NO;
				CLANG_CXX_LANGUAGE_STANDARD = "gnu++0x";
				CLANG_CXX_LIBRARY = "libc++";
				CLANG_ENABLE_MODULES = YES;
				CLANG_ENABLE_OBJC_ARC = YES;
				CLANG_WARN_BOOL_CONVERSION = YES;
				CLANG_WARN_CONSTANT_CONVERSION = YES;
				CLANG_WARN_DIRECT_OBJC_ISA_USAGE = YES_ERROR;
				CLANG_WARN_EMPTY_BODY = YES;
				CLANG_WARN_ENUM_CONVERSION = YES;
				CLANG_WARN_INT_CONVERSION = YES;
				CLANG_WARN_OBJC_ROOT_CLASS = YES_ERROR;
				CLANG_WARN_UNREACHABLE_CODE = YES;
				CLANG_WARN__DUPLICATE_METHOD_MATCH = YES;
				CODE_SIGN_IDENTITY = "-";
				COPY_PHASE_STRIP = NO;
				DEBUG_INFORMATION_FORMAT = dwarf;
				ENABLE_STRICT_OBJC_MSGSEND = YES;
				ENABLE_TESTABILITY = YES;
				GCC_C_LANGUAGE_STANDARD = gnu99;
				GCC_DYNAMIC_NO_PIC = NO;
				GCC_NO_COMMON_BLOCKS = YES;
				GCC_OPTIMIZATION_LEVEL = 0;
				GCC_PREPROCESSOR_DEFINITIONS = (
					"DEBUG=1",
					"$(inherited)",
				);
				GCC_WARN_64_TO_32_BIT_CONVERSION = YES;
				GCC_WARN_ABOUT_RETURN_TYPE = YES_ERROR;
				GCC_WARN_UNDECLARED_SELECTOR = YES;
				GCC_WARN_UNINITIALIZED_AUTOS = YES_AGGRESSIVE;
				GCC_WARN_UNUSED_FUNCTION = YES;
				GCC_WARN_UNUSED_VARIABLE = YES;
				MACOSX_DEPLOYMENT_TARGET = 10.11;
				MTL_ENABLE_DEBUG_INFO = YES;
				ONLY_ACTIVE_ARCH = YES;
				SDKROOT = macosx;
			};
			name = Debug;
		};
		A68E4AAE1C6016BB00473627 /* Release */ = {
			isa = XCBuildConfiguration;
			buildSettings = {
				ALWAYS_SEARCH_USER_PATHS = NO;
				CLANG_CXX_LANGUAGE_STANDARD = "gnu++0x";
				CLANG_CXX_LIBRARY = "libc++";
				CLANG_ENABLE_MODULES = YES;
				CLANG_ENABLE_OBJC_ARC = YES;
				CLANG_WARN_BOOL_CONVERSION = YES;
				CLANG_WARN_CONSTANT_CONVERSION = YES;
				CLANG_WARN_DIRECT_OBJC_ISA_USAGE = YES_ERROR;
				CLANG_WARN_EMPTY_BODY = YES;
				CLANG_WARN_ENUM_CONVERSION = YES;
				CLANG_WARN_INT_CONVERSION = YES;
				CLANG_WARN_OBJC_ROOT_CLASS = YES_ERROR;
				CLANG_WARN_UNREACHABLE_CODE = YES;
				CLANG_WARN__DUPLICATE_METHOD_MATCH = YES;
				CODE_SIGN_IDENTITY = "-";
				COPY_PHASE_STRIP = NO;
				DEBUG_INFORMATION_FORMAT = "dwarf-with-dsym";
				ENABLE_NS_ASSERTIONS = NO;
				ENABLE_STRICT_OBJC_MSGSEND = YES;
				GCC_C_LANGUAGE_STANDARD = gnu99;
				GCC_NO_COMMON_BLOCKS = YES;
				GCC_WARN_64_TO_32_BIT_CONVERSION = YES;
				GCC_WARN_ABOUT_RETURN_TYPE = YES_ERROR;
				GCC_WARN_UNDECLARED_SELECTOR = YES;
				GCC_WARN_UNINITIALIZED_AUTOS = YES_AGGRESSIVE;
				GCC_WARN_UNUSED_FUNCTION = YES;
				GCC_WARN_UNUSED_VARIABLE = YES;
				MACOSX_DEPLOYMENT_TARGET = 10.11;
				MTL_ENABLE_DEBUG_INFO = NO;
				SDKROOT = macosx;
			};
			name = Release;
		};
		A68E4AB01C6016BB00473627 /* Debug */ = {
			isa = XCBuildConfiguration;
			buildSettings = {
				PRODUCT_NAME = "$(TARGET_NAME)";
			};
			name = Debug;
		};
		A68E4AB11C6016BB00473627 /* Release */ = {
			isa = XCBuildConfiguration;
			buildSettings = {
				PRODUCT_NAME = "$(TARGET_NAME)";
			};
			name = Release;
		};
/* End XCBuildConfiguration section */

/* Begin XCConfigurationList section */
		A68E4AA31C6016BB00473627 /* Build configuration list for PBXProject "OSlab" */ = {
			isa = XCConfigurationList;
			buildConfigurations = (
				A68E4AAD1C6016BB00473627 /* Debug */,
				A68E4AAE1C6016BB00473627 /* Release */,
			);
			defaultConfigurationIsVisible = 0;
			defaultConfigurationName = Release;
		};
		A68E4AAF1C6016BB00473627 /* Build configuration list for PBXNativeTarget "OSlab" */ = {
			isa = XCConfigurationList;
			buildConfigurations = (
				A68E4AB01C6016BB00473627 /* Debug */,
				A68E4AB11C6016BB00473627 /* Release */,
			);
			defaultConfigurationIsVisible = 0;
			defaultConfigurationName = Release;
		};
/* End XCConfigurationList section */
	};
	rootObject = A68E4AA01C6016BB00473627 /* Project object */;
}
